
Microsoft Visual Studio Solution File, Format Version 12.00
# Visual Studio Version 17
VisualStudioVersion = 17.11.35219.272
MinimumVisualStudioVersion = 10.0.40219.1
Project("{F184B08F-C81C-45F6-A57F-5ABD9991F28F}") = "global_cuorier_booking", "global_cuorier_booking\global_cuorier_booking.vbproj", "{C0362F87-A719-440B-9779-B0C2355B469C}"
EndProject
Global
	GlobalSection(SolutionConfigurationPlatforms) = preSolution
		Debug|Any CPU = Debug|Any CPU
		Release|Any CPU = Release|Any CPU
	EndGlobalSection
	GlobalSection(ProjectConfigurationPlatforms) = postSolution
		{C0362F87-A719-440B-9779-B0C2355B469C}.Debug|Any CPU.ActiveCfg = Debug|Any CPU
		{C0362F87-A719-440B-9779-B0C2355B469C}.Debug|Any CPU.Build.0 = Debug|Any CPU
		{C0362F87-A719-440B-9779-B0C2355B469C}.Release|Any CPU.ActiveCfg = Release|Any CPU
		{C0362F87-A719-440B-9779-B0C2355B469C}.Release|Any CPU.Build.0 = Release|Any CPU
	EndGlobalSection
	GlobalSection(SolutionProperties) = preSolution
		HideSolutionNode = FALSE
	EndGlobalSection
	GlobalSection(ExtensibilityGlobals) = postSolution
		SolutionGuid = {4A1C67AD-DC54-4E44-9238-61AB8E07B0B0}
	EndGlobalSection
EndGlobal
